
Microsoft Visual Studio Solution File, Format Version 12.00
# Visual Studio 15
VisualStudioVersion = 15.0.28010.2036
MinimumVisualStudioVersion = 10.0.40219.1
Project("{8BC9CEB8-8B4A-11D0-8D11-00A0C91BC942}") = "SimpleMonsterGame", "SimpleMonsterGame\SimpleMonsterGame.vcxproj", "{6470CE06-E8A5-4690-9F67-9AACC839733A}"
EndProject
Global
	GlobalSection(SolutionConfigurationPlatforms) = preSolution
		Debug|x64 = Debug|x64
		Debug|x86 = Debug|x86
		Release|x64 = Release|x64
		Release|x86 = Release|x86
	EndGlobalSection
	GlobalSection(ProjectConfigurationPlatforms) = postSolution
		{6470CE06-E8A5-4690-9F67-9AACC839733A}.Debug|x64.ActiveCfg = Debug|x64
		{6470CE06-E8A5-4690-9F67-9AACC839733A}.Debug|x64.Build.0 = Debug|x64
		{6470CE06-E8A5-4690-9F67-9AACC839733A}.Debug|x86.ActiveCfg = Debug|Win32
		{6470CE06-E8A5-4690-9F67-9AACC839733A}.Debug|x86.Build.0 = Debug|Win32
		{6470CE06-E8A5-4690-9F67-9AACC839733A}.Release|x64.ActiveCfg = Release|x64
		{6470CE06-E8A5-4690-9F67-9AACC839733A}.Release|x64.Build.0 = Release|x64
		{6470CE06-E8A5-4690-9F67-9AACC839733A}.Release|x86.ActiveCfg = Release|Win32
		{6470CE06-E8A5-4690-9F67-9AACC839733A}.Release|x86.Build.0 = Release|Win32
	EndGlobalSection
	GlobalSection(SolutionProperties) = preSolution
		HideSolutionNode = FALSE
	EndGlobalSection
	GlobalSection(ExtensibilityGlobals) = postSolution
		SolutionGuid = {C9A85D5F-E6A0-44F4-A865-14B8494FD6B7}
	EndGlobalSection
EndGlobal
